
Microsoft Visual Studio Solution File, Format Version 12.00
# Visual Studio 15
VisualStudioVersion = 15.0.26124.0
MinimumVisualStudioVersion = 15.0.26124.0
Project("{FAE04EC0-301F-11D3-BF4B-00C04F79EFBC}") = "TDDMicroExercises", "TDDMicroExercises\TDDMicroExercises.csproj", "{F733DA88-3A8B-447F-B6A5-4A2503B7F2EB}"
EndProject
Project("{FAE04EC0-301F-11D3-BF4B-00C04F79EFBC}") = "TDDMicroExercisesTests", "TDDMicroExercisesTests\TDDMicroExercisesTests.csproj", "{7CA25F8D-AC52-4D86-8EC4-8671ED3F26CA}"
EndProject
Global
	GlobalSection(SolutionConfigurationPlatforms) = preSolution
		Debug|Any CPU = Debug|Any CPU
		Debug|x64 = Debug|x64
		Debug|x86 = Debug|x86
		Release|Any CPU = Release|Any CPU
		Release|x64 = Release|x64
		Release|x86 = Release|x86
	EndGlobalSection
	GlobalSection(SolutionProperties) = preSolution
		HideSolutionNode = FALSE
	EndGlobalSection
	GlobalSection(ProjectConfigurationPlatforms) = postSolution
		{F733DA88-3A8B-447F-B6A5-4A2503B7F2EB}.Debug|Any CPU.ActiveCfg = Debug|Any CPU
		{F733DA88-3A8B-447F-B6A5-4A2503B7F2EB}.Debug|Any CPU.Build.0 = Debug|Any CPU
		{F733DA88-3A8B-447F-B6A5-4A2503B7F2EB}.Debug|x64.ActiveCfg = Debug|x64
		{F733DA88-3A8B-447F-B6A5-4A2503B7F2EB}.Debug|x64.Build.0 = Debug|x64
		{F733DA88-3A8B-447F-B6A5-4A2503B7F2EB}.Debug|x86.ActiveCfg = Debug|x86
		{F733DA88-3A8B-447F-B6A5-4A2503B7F2EB}.Debug|x86.Build.0 = Debug|x86
		{F733DA88-3A8B-447F-B6A5-4A2503B7F2EB}.Release|Any CPU.ActiveCfg = Release|Any CPU
		{F733DA88-3A8B-447F-B6A5-4A2503B7F2EB}.Release|Any CPU.Build.0 = Release|Any CPU
		{F733DA88-3A8B-447F-B6A5-4A2503B7F2EB}.Release|x64.ActiveCfg = Release|x64
		{F733DA88-3A8B-447F-B6A5-4A2503B7F2EB}.Release|x64.Build.0 = Release|x64
		{F733DA88-3A8B-447F-B6A5-4A2503B7F2EB}.Release|x86.ActiveCfg = Release|x86
		{F733DA88-3A8B-447F-B6A5-4A2503B7F2EB}.Release|x86.Build.0 = Release|x86
		{7CA25F8D-AC52-4D86-8EC4-8671ED3F26CA}.Debug|Any CPU.ActiveCfg = Debug|Any CPU
		{7CA25F8D-AC52-4D86-8EC4-8671ED3F26CA}.Debug|Any CPU.Build.0 = Debug|Any CPU
		{7CA25F8D-AC52-4D86-8EC4-8671ED3F26CA}.Debug|x64.ActiveCfg = Debug|x64
		{7CA25F8D-AC52-4D86-8EC4-8671ED3F26CA}.Debug|x64.Build.0 = Debug|x64
		{7CA25F8D-AC52-4D86-8EC4-8671ED3F26CA}.Debug|x86.ActiveCfg = Debug|x86
		{7CA25F8D-AC52-4D86-8EC4-8671ED3F26CA}.Debug|x86.Build.0 = Debug|x86
		{7CA25F8D-AC52-4D86-8EC4-8671ED3F26CA}.Release|Any CPU.ActiveCfg = Release|Any CPU
		{7CA25F8D-AC52-4D86-8EC4-8671ED3F26CA}.Release|Any CPU.Build.0 = Release|Any CPU
		{7CA25F8D-AC52-4D86-8EC4-8671ED3F26CA}.Release|x64.ActiveCfg = Release|x64
		{7CA25F8D-AC52-4D86-8EC4-8671ED3F26CA}.Release|x64.Build.0 = Release|x64
		{7CA25F8D-AC52-4D86-8EC4-8671ED3F26CA}.Release|x86.ActiveCfg = Release|x86
		{7CA25F8D-AC52-4D86-8EC4-8671ED3F26CA}.Release|x86.Build.0 = Release|x86
	EndGlobalSection
EndGlobal
